
Microsoft Visual Studio Solution File, Format Version 12.00
# Visual Studio Version 17
VisualStudioVersion = 17.5.33109.181
MinimumVisualStudioVersion = 10.0.40219.1
Project("{FAE04EC0-301F-11D3-BF4B-00C04F79EFBC}") = "ConsoleApp1110test", "ConsoleApp1110test\ConsoleApp1110test.csproj", "{A838F796-9BE1-47E5-9D10-DEEFF2259313}"
EndProject
Global
	GlobalSection(SolutionConfigurationPlatforms) = preSolution
		Debug|Any CPU = Debug|Any CPU
		Release|Any CPU = Release|Any CPU
	EndGlobalSection
	GlobalSection(ProjectConfigurationPlatforms) = postSolution
		{A838F796-9BE1-47E5-9D10-DEEFF2259313}.Debug|Any CPU.ActiveCfg = Debug|Any CPU
		{A838F796-9BE1-47E5-9D10-DEEFF2259313}.Debug|Any CPU.Build.0 = Debug|Any CPU
		{A838F796-9BE1-47E5-9D10-DEEFF2259313}.Release|Any CPU.ActiveCfg = Release|Any CPU
		{A838F796-9BE1-47E5-9D10-DEEFF2259313}.Release|Any CPU.Build.0 = Release|Any CPU
	EndGlobalSection
	GlobalSection(SolutionProperties) = preSolution
		HideSolutionNode = FALSE
	EndGlobalSection
	GlobalSection(ExtensibilityGlobals) = postSolution
		SolutionGuid = {4A8AAF30-3E0C-48BA-9759-F616952971F2}
	EndGlobalSection
EndGlobal
